{
  "requires": true,
  "lockfileVersion": 1,
  "dependencies": {
    "@nestjs/mapped-types": {
      "version": "0.1.1",
      "resolved": "https://registry.npmjs.org/@nestjs/mapped-types/-/mapped-types-0.1.1.tgz",
      "integrity": "sha512-FROYmmZ2F+tLJP/aHasPMX40iUHQPtEAzOAcfAp21baebN5iLUrdyTuphoXjIqubfPFSwtnAGpVm9kLJjQ//ig=="
    },
    "@nestjs/swagger": {
      "version": "4.7.5",
      "resolved": "https://registry.npmjs.org/@nestjs/swagger/-/swagger-4.7.5.tgz",
      "integrity": "sha512-Qoj7lnvWoCIdJL50b85fdc+v2X9OY8HXaN9ngbBxAAfqLch0YfHgGdU95oBAtV6GYKbAGBqMCsmogr1TzWENwQ==",
      "requires": {
        "@nestjs/mapped-types": "0.1.1",
        "lodash": "4.17.20",
        "path-to-regexp": "3.2.0"
      }
    },
    "lodash": {
      "version": "4.17.20",
      "resolved": "https://registry.npmjs.org/lodash/-/lodash-4.17.20.tgz",
      "integrity": "sha512-PlhdFcillOINfeV7Ni6oF1TAEayyZBoZ8bcshTHqOYJYlrqzRK5hagpagky5o4HfCzzd1TRkXPMFq6cKk9rGmA=="
    },
    "path-to-regexp": {
      "version": "3.2.0",
      "resolved": "https://registry.npmjs.org/path-to-regexp/-/path-to-regexp-3.2.0.tgz",
      "integrity": "sha512-jczvQbCUS7XmS7o+y1aEO9OBVFeZBQ1MDSEqmO7xSoPgOPoowY/SxLpZ6Vh97/8qHZOteiCKb7gkG9gA2ZUxJA=="
    },
    "swagger-ui-dist": {
      "version": "3.37.2",
      "resolved": "https://registry.npmjs.org/swagger-ui-dist/-/swagger-ui-dist-3.37.2.tgz",
      "integrity": "sha512-XIT4asxgeL4GUNPPsqpEqLt20M/u6OhFYqTh42IoEAvAyv5e9EGw5uhP9dLAD10opcMYqdkJ5qU+MpN2HZ5xyA=="
    },
    "swagger-ui-express": {
      "version": "4.1.5",
      "resolved": "https://registry.npmjs.org/swagger-ui-express/-/swagger-ui-express-4.1.5.tgz",
      "integrity": "sha512-hs9OqBu2jwmhYyFUhdTiwurvbZC+bq2XnWmmbYymVdwhgJCcGkLdnqymX24ZYUve2nkYSvKPEDCo20ZF+vyw9A==",
      "requires": {
        "swagger-ui-dist": "^3.18.1"
      }
    }
  }
}
